<?xml version="1.0" encoding="utf-8"?>
<Project ToolsVersion="4.0" xmlns="http://schemas.microsoft.com/developer/msbuild/2003">
  <ItemGroup>
    <Filter Include="소스 파일">
      <UniqueIdentifier>{4FC737F1-C7A5-4376-A066-2A32D752A2FF}</UniqueIdentifier>
      <Extensions>cpp;c;cc;cxx;def;odl;idl;hpj;bat;asm;asmx</Extensions>
    </Filter>
    <Filter Include="헤더 파일">
      <UniqueIdentifier>{93995380-89BD-4b04-88EB-625FBE52EBFB}</UniqueIdentifier>
      <Extensions>h;hh;hpp;hxx;hm;inl;inc;xsd</Extensions>
    </Filter>
    <Filter Include="리소스 파일">
      <UniqueIdentifier>{67DA6AB6-F800-4c08-8B7A-83BB121AAD01}</UniqueIdentifier>
      <Extensions>rc;ico;cur;bmp;dlg;rc2;rct;bin;rgs;gif;jpg;jpeg;jpe;resx;tiff;tif;png;wav;mfcribbon-ms</Extensions>
    </Filter>
    <Filter Include="소스 파일\00.MainGame">
      <UniqueIdentifier>{a4c8350a-ec3b-4f8c-9227-1991b4acb94a}</UniqueIdentifier>
    </Filter>
    <Filter Include="소스 파일\99.Default">
      <UniqueIdentifier>{96775381-2456-4d03-b032-c38170c5bace}</UniqueIdentifier>
    </Filter>
    <Filter Include="소스 파일\01.Obj">
      <UniqueIdentifier>{a4bb2ae9-1252-4d38-ad18-e146304828b3}</UniqueIdentifier>
    </Filter>
    <Filter Include="소스 파일\01.Obj\00.Player">
      <UniqueIdentifier>{70938639-31db-4291-95b4-b39b5023607f}</UniqueIdentifier>
    </Filter>
    <Filter Include="소스 파일\01.Obj\02.Monster">
      <UniqueIdentifier>{690617ca-b2c5-4897-9e63-cf84e708acc8}</UniqueIdentifier>
    </Filter>
    <Filter Include="소스 파일\01.Obj\03.Mouse">
      <UniqueIdentifier>{0f145fbf-939b-4f27-af6d-959e0b21727b}</UniqueIdentifier>
    </Filter>
    <Filter Include="소스 파일\03.Bitmap">
      <UniqueIdentifier>{a575caf0-7717-4947-b8a2-75bd08aef58b}</UniqueIdentifier>
    </Filter>
    <Filter Include="소스 파일\98.Manager">
      <UniqueIdentifier>{3c2ce1ad-526e-4eb8-be2c-0360fe728924}</UniqueIdentifier>
    </Filter>
    <Filter Include="소스 파일\98.Manager\00.CollisionMgr">
      <UniqueIdentifier>{cc98f3fa-6255-47e5-acec-5e67c3690447}</UniqueIdentifier>
    </Filter>
    <Filter Include="소스 파일\98.Manager\01.CObjMgr">
      <UniqueIdentifier>{921cff15-41e1-48f8-8f79-5ee3a61c79e6}</UniqueIdentifier>
    </Filter>
    <Filter Include="소스 파일\98.Manager\03.KeyMgr">
      <UniqueIdentifier>{03f55c82-d6d5-4256-bfec-445d13103949}</UniqueIdentifier>
    </Filter>
    <Filter Include="소스 파일\98.Manager\04.ScrollMgr">
      <UniqueIdentifier>{d6db8e41-99aa-4620-aef1-1c59e28d4828}</UniqueIdentifier>
    </Filter>
    <Filter Include="소스 파일\98.Manager\05.BmpMgr">
      <UniqueIdentifier>{55940db8-1f78-420b-bcce-d1e01f344a01}</UniqueIdentifier>
    </Filter>
    <Filter Include="소스 파일\04.Scene">
      <UniqueIdentifier>{a0aa9021-9ccd-46ea-bdfa-db6497457612}</UniqueIdentifier>
    </Filter>
    <Filter Include="소스 파일\04.Scene\00.Logo">
      <UniqueIdentifier>{f1b164a7-1378-4151-a25b-e9d19cab5a34}</UniqueIdentifier>
    </Filter>
    <Filter Include="소스 파일\04.Scene\01.Menu">
      <UniqueIdentifier>{acec052e-bfd6-4630-980b-42160f86a5e0}</UniqueIdentifier>
    </Filter>
    <Filter Include="소스 파일\04.Scene\02.Stage">
      <UniqueIdentifier>{3482aee6-6c84-41bd-a430-37854b797858}</UniqueIdentifier>
    </Filter>
    <Filter Include="소스 파일\04.Scene\03.Edit">
      <UniqueIdentifier>{951c1547-e62e-465c-bb47-e28714351ab1}</UniqueIdentifier>
    </Filter>
    <Filter Include="소스 파일\98.Manager\06.SceneMgr">
      <UniqueIdentifier>{56469ace-f07f-490b-a779-5d2f24d18cec}</UniqueIdentifier>
    </Filter>
    <Filter Include="소스 파일\01.Obj\05.Button">
      <UniqueIdentifier>{384ce360-642a-45e2-9928-834d07eae39e}</UniqueIdentifier>
    </Filter>
    <Filter Include="소스 파일\01.Obj\06.Tile">
      <UniqueIdentifier>{65e1f702-4a99-403d-9214-c69bdf47a45d}</UniqueIdentifier>
    </Filter>
    <Filter Include="소스 파일\01.Obj\07.MenuPointer">
      <UniqueIdentifier>{3650772d-bef7-4343-b164-24c67903905d}</UniqueIdentifier>
    </Filter>
    <Filter Include="소스 파일\01.Obj\02.Monster\00.PillBug">
      <UniqueIdentifier>{e2c424bb-a7ea-4f07-9297-319cde5c9735}</UniqueIdentifier>
    </Filter>
    <Filter Include="소스 파일\01.Obj\08.Image">
      <UniqueIdentifier>{67ab52a4-076b-40f0-87dc-ce3eb15b1d18}</UniqueIdentifier>
    </Filter>
    <Filter Include="소스 파일\98.Manager\08.ImageMgr">
      <UniqueIdentifier>{1d40ba3d-1d64-4934-91cf-e8ff7c4028c6}</UniqueIdentifier>
    </Filter>
    <Filter Include="소스 파일\98.Manager\07.TileMgr">
      <UniqueIdentifier>{1beae40e-c888-4e1d-ada5-e67789ac7b3b}</UniqueIdentifier>
    </Filter>
    <Filter Include="소스 파일\01.Obj\02.Monster\01.Chaser">
      <UniqueIdentifier>{89083198-94c9-4abc-94a8-4df1866caf9c}</UniqueIdentifier>
    </Filter>
    <Filter Include="소스 파일\01.Obj\02.Monster\02.Fly">
      <UniqueIdentifier>{7a3e5362-e9d5-4446-ae54-05d22a9b0c14}</UniqueIdentifier>
    </Filter>
    <Filter Include="소스 파일\01.Obj\02.Monster\03.Jumper">
      <UniqueIdentifier>{b6be9746-0ea6-42d1-8215-b1dc70d1a761}</UniqueIdentifier>
    </Filter>
    <Filter Include="소스 파일\05.TIme">
      <UniqueIdentifier>{c8463b63-f360-49a9-a39e-be384345317d}</UniqueIdentifier>
    </Filter>
    <Filter Include="소스 파일\01.Obj\09.Weapon">
      <UniqueIdentifier>{a0e49091-faad-4c62-ad3d-67b07a45253b}</UniqueIdentifier>
    </Filter>
    <Filter Include="소스 파일\06.Helper">
      <UniqueIdentifier>{ee4fad55-0f25-48d6-a571-6039e3e4c620}</UniqueIdentifier>
    </Filter>
    <Filter Include="소스 파일\01.Obj\02.Monster\04.FalseKnight">
      <UniqueIdentifier>{5346afda-44e4-4fa2-8f7e-69adacd75d61}</UniqueIdentifier>
    </Filter>
    <Filter Include="소스 파일\01.Obj\02.Monster\05.HuskGaurd">
      <UniqueIdentifier>{240e54fd-8533-4b35-b420-cf2ac88ac004}</UniqueIdentifier>
    </Filter>
  </ItemGroup>
  <ItemGroup>
    <ClInclude Include="stdafx.h">
      <Filter>헤더 파일</Filter>
    </ClInclude>
    <ClInclude Include="API_FrameWork.h">
      <Filter>소스 파일\99.Default</Filter>
    </ClInclude>
    <ClInclude Include="Resource.h">
      <Filter>소스 파일\99.Default</Filter>
    </ClInclude>
    <ClInclude Include="targetver.h">
      <Filter>소스 파일\99.Default</Filter>
    </ClInclude>
    <ClInclude Include="MainGame.h">
      <Filter>소스 파일\00.MainGame</Filter>
    </ClInclude>
    <ClInclude Include="Obj.h">
      <Filter>소스 파일\01.Obj</Filter>
    </ClInclude>
    <ClInclude Include="Player.h">
      <Filter>소스 파일\01.Obj\00.Player</Filter>
    </ClInclude>
    <ClInclude Include="Monster.h">
      <Filter>소스 파일\01.Obj\02.Monster</Filter>
    </ClInclude>
    <ClInclude Include="Mouse.h">
      <Filter>소스 파일\01.Obj\03.Mouse</Filter>
    </ClInclude>
    <ClInclude Include="CollisionMgr.h">
      <Filter>소스 파일\98.Manager\00.CollisionMgr</Filter>
    </ClInclude>
    <ClInclude Include="ObjMgr.h">
      <Filter>소스 파일\98.Manager\01.CObjMgr</Filter>
    </ClInclude>
    <ClInclude Include="KeyMgr.h">
      <Filter>소스 파일\98.Manager\03.KeyMgr</Filter>
    </ClInclude>
    <ClInclude Include="ScrollMgr.h">
      <Filter>소스 파일\98.Manager\04.ScrollMgr</Filter>
    </ClInclude>
    <ClInclude Include="MyBitmap.h">
      <Filter>소스 파일\03.Bitmap</Filter>
    </ClInclude>
    <ClInclude Include="BmpMgr.h">
      <Filter>소스 파일\98.Manager\05.BmpMgr</Filter>
    </ClInclude>
    <ClInclude Include="Scene.h">
      <Filter>소스 파일\04.Scene</Filter>
    </ClInclude>
    <ClInclude Include="Logo.h">
      <Filter>소스 파일\04.Scene\00.Logo</Filter>
    </ClInclude>
    <ClInclude Include="SceneMgr.h">
      <Filter>소스 파일\98.Manager\06.SceneMgr</Filter>
    </ClInclude>
    <ClInclude Include="MyMenu.h">
      <Filter>소스 파일\04.Scene\01.Menu</Filter>
    </ClInclude>
    <ClInclude Include="MyButton.h">
      <Filter>소스 파일\01.Obj\05.Button</Filter>
    </ClInclude>
    <ClInclude Include="Tile.h">
      <Filter>소스 파일\01.Obj\06.Tile</Filter>
    </ClInclude>
    <ClInclude Include="TileMgr.h">
      <Filter>소스 파일\98.Manager\07.TileMgr</Filter>
    </ClInclude>
    <ClInclude Include="Stage.h">
      <Filter>소스 파일\04.Scene\02.Stage</Filter>
    </ClInclude>
    <ClInclude Include="MenuPointer.h">
      <Filter>소스 파일\01.Obj\07.MenuPointer</Filter>
    </ClInclude>
    <ClInclude Include="Editor.h">
      <Filter>소스 파일\04.Scene\03.Edit</Filter>
    </ClInclude>
    <ClInclude Include="PillBug.h">
      <Filter>소스 파일\01.Obj\02.Monster\00.PillBug</Filter>
    </ClInclude>
    <ClInclude Include="MyImage.h">
      <Filter>소스 파일\01.Obj\08.Image</Filter>
    </ClInclude>
    <ClInclude Include="ImageMgr.h">
      <Filter>소스 파일\98.Manager\08.ImageMgr</Filter>
    </ClInclude>
    <ClInclude Include="Chaser.h">
      <Filter>소스 파일\01.Obj\02.Monster\01.Chaser</Filter>
    </ClInclude>
    <ClInclude Include="Fly.h">
      <Filter>소스 파일\01.Obj\02.Monster\02.Fly</Filter>
    </ClInclude>
    <ClInclude Include="Jumper.h">
      <Filter>소스 파일\01.Obj\02.Monster\03.Jumper</Filter>
    </ClInclude>
    <ClInclude Include="MyTime.h">
      <Filter>소스 파일\05.TIme</Filter>
    </ClInclude>
    <ClInclude Include="Weapon.h">
      <Filter>소스 파일\01.Obj\09.Weapon</Filter>
    </ClInclude>
    <ClInclude Include="FalseKnight.h">
      <Filter>소스 파일\01.Obj\02.Monster\04.FalseKnight</Filter>
    </ClInclude>
    <ClInclude Include="HuskGaurd.h">
      <Filter>소스 파일\01.Obj\02.Monster\05.HuskGaurd</Filter>
    </ClInclude>
  </ItemGroup>
  <ItemGroup>
    <ClCompile Include="API_FrameWork.cpp">
      <Filter>소스 파일</Filter>
    </ClCompile>
    <ClCompile Include="stdafx.cpp">
      <Filter>소스 파일\99.Default</Filter>
    </ClCompile>
    <ClCompile Include="MainGame.cpp">
      <Filter>소스 파일\00.MainGame</Filter>
    </ClCompile>
    <ClCompile Include="Obj.cpp">
      <Filter>소스 파일\01.Obj</Filter>
    </ClCompile>
    <ClCompile Include="Player.cpp">
      <Filter>소스 파일\01.Obj\00.Player</Filter>
    </ClCompile>
    <ClCompile Include="Monster.cpp">
      <Filter>소스 파일\01.Obj\02.Monster</Filter>
    </ClCompile>
    <ClCompile Include="Mouse.cpp">
      <Filter>소스 파일\01.Obj\03.Mouse</Filter>
    </ClCompile>
    <ClCompile Include="CollisionMgr.cpp">
      <Filter>소스 파일\98.Manager\00.CollisionMgr</Filter>
    </ClCompile>
    <ClCompile Include="ObjMgr.cpp">
      <Filter>소스 파일\98.Manager\01.CObjMgr</Filter>
    </ClCompile>
    <ClCompile Include="KeyMgr.cpp">
      <Filter>소스 파일\98.Manager\03.KeyMgr</Filter>
    </ClCompile>
    <ClCompile Include="ScrollMgr.cpp">
      <Filter>소스 파일\98.Manager\04.ScrollMgr</Filter>
    </ClCompile>
    <ClCompile Include="MyBitmap.cpp">
      <Filter>소스 파일\03.Bitmap</Filter>
    </ClCompile>
    <ClCompile Include="BmpMgr.cpp">
      <Filter>소스 파일\98.Manager\05.BmpMgr</Filter>
    </ClCompile>
    <ClCompile Include="Scene.cpp">
      <Filter>소스 파일\04.Scene</Filter>
    </ClCompile>
    <ClCompile Include="Logo.cpp">
      <Filter>소스 파일\04.Scene\00.Logo</Filter>
    </ClCompile>
    <ClCompile Include="SceneMgr.cpp">
      <Filter>소스 파일\98.Manager\06.SceneMgr</Filter>
    </ClCompile>
    <ClCompile Include="MyMenu.cpp">
      <Filter>소스 파일\04.Scene\01.Menu</Filter>
    </ClCompile>
    <ClCompile Include="MyButton.cpp">
      <Filter>소스 파일\01.Obj\05.Button</Filter>
    </ClCompile>
    <ClCompile Include="Tile.cpp">
      <Filter>소스 파일\01.Obj\06.Tile</Filter>
    </ClCompile>
    <ClCompile Include="TileMgr.cpp">
      <Filter>소스 파일\98.Manager\07.TileMgr</Filter>
    </ClCompile>
    <ClCompile Include="Stage.cpp">
      <Filter>소스 파일\04.Scene\02.Stage</Filter>
    </ClCompile>
    <ClCompile Include="MenuPointer.cpp">
      <Filter>소스 파일\01.Obj\07.MenuPointer</Filter>
    </ClCompile>
    <ClCompile Include="Editor.cpp">
      <Filter>소스 파일\04.Scene\03.Edit</Filter>
    </ClCompile>
    <ClCompile Include="PillBug.cpp">
      <Filter>소스 파일\01.Obj\02.Monster\00.PillBug</Filter>
    </ClCompile>
    <ClCompile Include="MyImage.cpp">
      <Filter>소스 파일\01.Obj\08.Image</Filter>
    </ClCompile>
    <ClCompile Include="ImageMgr.cpp">
      <Filter>소스 파일\98.Manager\08.ImageMgr</Filter>
    </ClCompile>
    <ClCompile Include="Chaser.cpp">
      <Filter>소스 파일\01.Obj\02.Monster\01.Chaser</Filter>
    </ClCompile>
    <ClCompile Include="Fly.cpp">
      <Filter>소스 파일\01.Obj\02.Monster\02.Fly</Filter>
    </ClCompile>
    <ClCompile Include="Jumper.cpp">
      <Filter>소스 파일\01.Obj\02.Monster\03.Jumper</Filter>
    </ClCompile>
    <ClCompile Include="MyTime.cpp">
      <Filter>소스 파일\05.TIme</Filter>
    </ClCompile>
    <ClCompile Include="Weapon.cpp">
      <Filter>소스 파일\01.Obj\09.Weapon</Filter>
    </ClCompile>
    <ClCompile Include="GlobFunc.cpp">
      <Filter>소스 파일\06.Helper</Filter>
    </ClCompile>
    <ClCompile Include="FalseKnight.cpp">
      <Filter>소스 파일\01.Obj\02.Monster\04.FalseKnight</Filter>
    </ClCompile>
    <ClCompile Include="HuskGaurd.cpp">
      <Filter>소스 파일\01.Obj\02.Monster\05.HuskGaurd</Filter>
    </ClCompile>
  </ItemGroup>
  <ItemGroup>
    <ResourceCompile Include="API_FrameWork.rc">
      <Filter>리소스 파일</Filter>
    </ResourceCompile>
  </ItemGroup>
  <ItemGroup>
    <Image Include="small.ico">
      <Filter>리소스 파일</Filter>
    </Image>
    <Image Include="API_FrameWork.ico">
      <Filter>리소스 파일</Filter>
    </Image>
  </ItemGroup>
  <ItemGroup>
    <Text Include="ReadMe.txt">
      <Filter>소스 파일\99.Default</Filter>
    </Text>
  </ItemGroup>
</Project>